{
  "name": "srcsetsizes",
  "version": "1.0.0",
  "lockfileVersion": 1,
  "requires": true,
  "dependencies": {
    "@shferreira/posthtml-inline-assets": {
      "version": "3.0.2",
      "resolved": "https://registry.npmjs.org/@shferreira/posthtml-inline-assets/-/posthtml-inline-assets-3.0.2.tgz",
      "integrity": "sha512-Flj6L54Tc17M8p/wbb9YaL01MlX+WQe8gzPTxRb0yF/DYHqgizWEx0XKVeUEHbCGeB14zJ9pVCmCDFBxhc2y3Q==",
      "requires": {
        "file-type": "^10.4.0",
        "fse": "^4.0.1"
      }
    },
    "dom-serializer": {
      "version": "1.2.0",
      "resolved": "https://registry.npmjs.org/dom-serializer/-/dom-serializer-1.2.0.tgz",
      "integrity": "sha512-n6kZFH/KlCrqs/1GHMOd5i2fd/beQHuehKdWvNNffbGHTr/almdhuVvTVFb3V7fglz+nC50fFusu3lY33h12pA==",
      "requires": {
        "domelementtype": "^2.0.1",
        "domhandler": "^4.0.0",
        "entities": "^2.0.0"
      },
      "dependencies": {
        "domhandler": {
          "version": "4.0.0",
          "resolved": "https://registry.npmjs.org/domhandler/-/domhandler-4.0.0.tgz",
          "integrity": "sha512-KPTbnGQ1JeEMQyO1iYXoagsI6so/C96HZiFyByU3T6iAzpXn8EGEvct6unm1ZGoed8ByO2oirxgwxBmqKF9haA==",
          "requires": {
            "domelementtype": "^2.1.0"
          }
        }
      }
    },
    "domelementtype": {
      "version": "2.1.0",
      "resolved": "https://registry.npmjs.org/domelementtype/-/domelementtype-2.1.0.tgz",
      "integrity": "sha512-LsTgx/L5VpD+Q8lmsXSHW2WpA+eBlZ9HPf3erD1IoPF00/3JKHZ3BknUVA2QGDNu69ZNmyFmCWBSO45XjYKC5w=="
    },
    "domhandler": {
      "version": "3.3.0",
      "resolved": "https://registry.npmjs.org/domhandler/-/domhandler-3.3.0.tgz",
      "integrity": "sha512-J1C5rIANUbuYK+FuFL98650rihynUOEzRLxW+90bKZRWB6A1X1Tf82GxR1qAWLyfNPRvjqfip3Q5tdYlmAa9lA==",
      "requires": {
        "domelementtype": "^2.0.1"
      }
    },
    "domutils": {
      "version": "2.4.4",
      "resolved": "https://registry.npmjs.org/domutils/-/domutils-2.4.4.tgz",
      "integrity": "sha512-jBC0vOsECI4OMdD0GC9mGn7NXPLb+Qt6KW1YDQzeQYRUFKmNG8lh7mO5HiELfr+lLQE7loDVI4QcAxV80HS+RA==",
      "requires": {
        "dom-serializer": "^1.0.1",
        "domelementtype": "^2.0.1",
        "domhandler": "^4.0.0"
      },
      "dependencies": {
        "domhandler": {
          "version": "4.0.0",
          "resolved": "https://registry.npmjs.org/domhandler/-/domhandler-4.0.0.tgz",
          "integrity": "sha512-KPTbnGQ1JeEMQyO1iYXoagsI6so/C96HZiFyByU3T6iAzpXn8EGEvct6unm1ZGoed8ByO2oirxgwxBmqKF9haA==",
          "requires": {
            "domelementtype": "^2.1.0"
          }
        }
      }
    },
    "entities": {
      "version": "2.2.0",
      "resolved": "https://registry.npmjs.org/entities/-/entities-2.2.0.tgz",
      "integrity": "sha512-p92if5Nz619I0w+akJrLZH0MX0Pb5DX39XOwQTtXSdQQOaYH03S1uIQp4mhOZtAXrxq4ViO67YTiLBo2638o9A=="
    },
    "file-type": {
      "version": "10.11.0",
      "resolved": "https://registry.npmjs.org/file-type/-/file-type-10.11.0.tgz",
      "integrity": "sha512-uzk64HRpUZyTGZtVuvrjP0FYxzQrBf4rojot6J65YMEbwBLB0CWm0CLojVpwpmFmxcE/lkvYICgfcGozbBq6rw=="
    },
    "fse": {
      "version": "4.0.1",
      "resolved": "https://registry.npmjs.org/fse/-/fse-4.0.1.tgz",
      "integrity": "sha512-5XLUrweQvJxSJKhBe3XjimHSJ2EUhYOG+K2tLQy8I9kp78Fa3CgUXqxAZWxE9+fsvnI5GVkHl4NDqbf1tSb93Q=="
    },
    "htmlparser2": {
      "version": "5.0.1",
      "resolved": "https://registry.npmjs.org/htmlparser2/-/htmlparser2-5.0.1.tgz",
      "integrity": "sha512-vKZZra6CSe9qsJzh0BjBGXo8dvzNsq/oGvsjfRdOrrryfeD9UOBEEQdeoqCRmKZchF5h2zOBMQ6YuQ0uRUmdbQ==",
      "requires": {
        "domelementtype": "^2.0.1",
        "domhandler": "^3.3.0",
        "domutils": "^2.4.2",
        "entities": "^2.0.0"
      }
    },
    "parcel-plugin-inliner": {
      "version": "1.0.14",
      "resolved": "https://registry.npmjs.org/parcel-plugin-inliner/-/parcel-plugin-inliner-1.0.14.tgz",
      "integrity": "sha512-i3U6m/MHOFPuQEx1GqHLburj6PO3MUVVYe3f2bgS9vSGFC7Dy694Mna1UkQ57h146r/DoweXMabNEOvk5kkyhA==",
      "requires": {
        "@shferreira/posthtml-inline-assets": "^3.0.0"
      }
    },
    "posthtml": {
      "version": "0.15.1",
      "resolved": "https://registry.npmjs.org/posthtml/-/posthtml-0.15.1.tgz",
      "integrity": "sha512-QSnUnvnnRv+wt7T9igqNG7GPcc+ZsbX93X+9aPldzgiuQfqIXTbnD47FY8pAtq4gjB9QZrDadDuG8jusmOPpYA==",
      "requires": {
        "posthtml-parser": "^0.6.0",
        "posthtml-render": "^1.2.3"
      }
    },
    "posthtml-inline-assets": {
      "version": "3.1.0",
      "resolved": "https://registry.npmjs.org/posthtml-inline-assets/-/posthtml-inline-assets-3.1.0.tgz",
      "integrity": "sha512-52VGs/FG8NNlzv04jZe1HBy5pQ+HWifbQpZN5q0tt6QNkgy3SZCutf4UZyM93uzYym71tKPCQkzAXN3XnRSTgA==",
      "requires": {
        "file-type": "^10.4.0",
        "fse": "^4.0.1"
      }
    },
    "posthtml-parser": {
      "version": "0.6.0",
      "resolved": "https://registry.npmjs.org/posthtml-parser/-/posthtml-parser-0.6.0.tgz",
      "integrity": "sha512-5ffwKQNgtVHdhZniWxu+1ryvaZv5l25HPLUV6W5xy5nYVWMXtvjtwRnbSpfbKFvbyl7XI+d4AqkjmonkREqnXA==",
      "requires": {
        "htmlparser2": "^5.0.1"
      }
    },
    "posthtml-render": {
      "version": "1.4.0",
      "resolved": "https://registry.npmjs.org/posthtml-render/-/posthtml-render-1.4.0.tgz",
      "integrity": "sha512-W1779iVHGfq0Fvh2PROhCe2QhB8mEErgqzo1wpIt36tCgChafP+hbXIhLDOM8ePJrZcFs0vkNEtdibEWVqChqw=="
    }
  }
}
